
Microsoft Visual Studio Solution File, Format Version 12.00
# Visual Studio 2015
Project("{FAE04EC0-301F-11D3-BF4B-00C04F79EFBC}") = "StealthProject.CSharp", "StealthProject.CSharp.csproj", "{13C82516-CE1F-9CA6-9E7B-107D31401B6B}"
EndProject
Global
	GlobalSection(SolutionConfigurationPlatforms) = preSolution
		Debug|Any CPU = Debug|Any CPU
		Release|Any CPU = Release|Any CPU
	EndGlobalSection
	GlobalSection(ProjectConfigurationPlatforms) = postSolution
		{13C82516-CE1F-9CA6-9E7B-107D31401B6B}.Debug|Any CPU.ActiveCfg = Debug|Any CPU
		{13C82516-CE1F-9CA6-9E7B-107D31401B6B}.Debug|Any CPU.Build.0 = Debug|Any CPU
		{13C82516-CE1F-9CA6-9E7B-107D31401B6B}.Release|Any CPU.ActiveCfg = Release|Any CPU
		{13C82516-CE1F-9CA6-9E7B-107D31401B6B}.Release|Any CPU.Build.0 = Release|Any CPU
	EndGlobalSection
	GlobalSection(SolutionProperties) = preSolution
		HideSolutionNode = FALSE
	EndGlobalSection
EndGlobal
